
Microsoft Visual Studio Solution File, Format Version 12.00
# Visual Studio Version 17
VisualStudioVersion = 17.0.32014.148
MinimumVisualStudioVersion = 10.0.40219.1
Project("{FAE04EC0-301F-11D3-BF4B-00C04F79EFBC}") = "FizzBuzz2.0", "FizzBuzz2.0\FizzBuzz2.0.csproj", "{5F8DC193-857D-4AD2-B024-4B0B7E358719}"
EndProject
Global
	GlobalSection(SolutionConfigurationPlatforms) = preSolution
		Debug|Any CPU = Debug|Any CPU
		Release|Any CPU = Release|Any CPU
	EndGlobalSection
	GlobalSection(ProjectConfigurationPlatforms) = postSolution
		{5F8DC193-857D-4AD2-B024-4B0B7E358719}.Debug|Any CPU.ActiveCfg = Debug|Any CPU
		{5F8DC193-857D-4AD2-B024-4B0B7E358719}.Debug|Any CPU.Build.0 = Debug|Any CPU
		{5F8DC193-857D-4AD2-B024-4B0B7E358719}.Release|Any CPU.ActiveCfg = Release|Any CPU
		{5F8DC193-857D-4AD2-B024-4B0B7E358719}.Release|Any CPU.Build.0 = Release|Any CPU
	EndGlobalSection
	GlobalSection(SolutionProperties) = preSolution
		HideSolutionNode = FALSE
	EndGlobalSection
	GlobalSection(ExtensibilityGlobals) = postSolution
		SolutionGuid = {36F6FAC1-8CE3-4B04-AABF-889203BED4AC}
	EndGlobalSection
EndGlobal
